PODS:
  - Flurry-iOS-SDK/FlurryAds (8.6.1):
    - Flurry-iOS-SDK/FlurrySDK
  - Flurry-iOS-SDK/FlurrySDK (8.6.1)
  - SVProgressHUD (1.1.3)

DEPENDENCIES:
  - Flurry-iOS-SDK/FlurryAds
  - Flurry-iOS-SDK/FlurrySDK
  - SVProgressHUD (~> 1.1)

SPEC REPOS:
  https://github.com/cocoapods/specs.git:
    - Flurry-iOS-SDK
    - SVProgressHUD

SPEC CHECKSUMS:
  Flurry-iOS-SDK: daffe3d0afa95b7b0f1a803f2b708a926ecbf833
  SVProgressHUD: 748080e4f36e603f6c02aec292664239df5279c1

PODFILE CHECKSUM: f4c5737dc597ad77d8773256d98b9671e76dbac7

COCOAPODS: 1.5.2
