PODS:
  - SVProgressHUD (1.1.3)

DEPENDENCIES:
  - SVProgressHUD (~> 1.1)

SPEC REPOS:
  https://github.com/cocoapods/specs.git:
    - SVProgressHUD

SPEC CHECKSUMS:
  SVProgressHUD: 748080e4f36e603f6c02aec292664239df5279c1

PODFILE CHECKSUM: 131b8efa2d6cdd6542ae519bb0f6f29ddec58b8f

COCOAPODS: 1.5.2
